
Microsoft Visual Studio Solution File, Format Version 12.00
# Visual Studio Version 17
VisualStudioVersion = 17.11.35312.102
MinimumVisualStudioVersion = 10.0.40219.1
Project("{FAE04EC0-301F-11D3-BF4B-00C04F79EFBC}") = "Actividad8", "Actividad8.csproj", "{1F93E858-1292-45DE-9BC6-45DEDA981A17}"
EndProject
Global
	GlobalSection(SolutionConfigurationPlatforms) = preSolution
		Debug|Any CPU = Debug|Any CPU
		Release|Any CPU = Release|Any CPU
	EndGlobalSection
	GlobalSection(ProjectConfigurationPlatforms) = postSolution
		{1F93E858-1292-45DE-9BC6-45DEDA981A17}.Debug|Any CPU.ActiveCfg = Debug|Any CPU
		{1F93E858-1292-45DE-9BC6-45DEDA981A17}.Debug|Any CPU.Build.0 = Debug|Any CPU
		{1F93E858-1292-45DE-9BC6-45DEDA981A17}.Release|Any CPU.ActiveCfg = Release|Any CPU
		{1F93E858-1292-45DE-9BC6-45DEDA981A17}.Release|Any CPU.Build.0 = Release|Any CPU
	EndGlobalSection
	GlobalSection(SolutionProperties) = preSolution
		HideSolutionNode = FALSE
	EndGlobalSection
	GlobalSection(ExtensibilityGlobals) = postSolution
		SolutionGuid = {80985788-550B-4599-B643-541227DE9A6B}
	EndGlobalSection
EndGlobal
